<?xml version="1.0" encoding="Windows-1252"?>
<Project ToolsVersion="12.0" xmlns="http://schemas.microsoft.com/developer/msbuild/2003">
  <ItemGroup>
    <ClCompile Include="C:\Users\Richard\Documents\IngenuityGitHub\Third Party\assimp\test\unit\CCompilerTest.c">
      <Filter>unit</Filter>
    </ClCompile>
    <ClCompile Include="C:\Users\Richard\Documents\IngenuityGitHub\Third Party\assimp\test\unit\Main.cpp">
      <Filter>Source Files</Filter>
    </ClCompile>
    <ClCompile Include="C:\Users\Richard\Documents\IngenuityGitHub\Third Party\assimp\test\unit\UnitTestPCH.cpp">
      <Filter>Source Files</Filter>
    </ClCompile>
    <ClCompile Include="C:\Users\Richard\Documents\IngenuityGitHub\Third Party\assimp\test\unit\AssimpAPITest.cpp">
      <Filter>tests</Filter>
    </ClCompile>
    <ClCompile Include="C:\Users\Richard\Documents\IngenuityGitHub\Third Party\assimp\test\unit\utFastAtof.cpp">
      <Filter>tests</Filter>
    </ClCompile>
    <ClCompile Include="C:\Users\Richard\Documents\IngenuityGitHub\Third Party\assimp\test\unit\utFindDegenerates.cpp">
      <Filter>tests</Filter>
    </ClCompile>
    <ClCompile Include="C:\Users\Richard\Documents\IngenuityGitHub\Third Party\assimp\test\unit\utFindInvalidData.cpp">
      <Filter>tests</Filter>
    </ClCompile>
    <ClCompile Include="C:\Users\Richard\Documents\IngenuityGitHub\Third Party\assimp\test\unit\utFixInfacingNormals.cpp">
      <Filter>tests</Filter>
    </ClCompile>
    <ClCompile Include="C:\Users\Richard\Documents\IngenuityGitHub\Third Party\assimp\test\unit\utGenNormals.cpp">
      <Filter>tests</Filter>
    </ClCompile>
    <ClCompile Include="C:\Users\Richard\Documents\IngenuityGitHub\Third Party\assimp\test\unit\utImporter.cpp">
      <Filter>tests</Filter>
    </ClCompile>
    <ClCompile Include="C:\Users\Richard\Documents\IngenuityGitHub\Third Party\assimp\test\unit\utImproveCacheLocality.cpp">
      <Filter>tests</Filter>
    </ClCompile>
    <ClCompile Include="C:\Users\Richard\Documents\IngenuityGitHub\Third Party\assimp\test\unit\utJoinVertices.cpp">
      <Filter>tests</Filter>
    </ClCompile>
    <ClCompile Include="C:\Users\Richard\Documents\IngenuityGitHub\Third Party\assimp\test\unit\utLimitBoneWeights.cpp">
      <Filter>tests</Filter>
    </ClCompile>
    <ClCompile Include="C:\Users\Richard\Documents\IngenuityGitHub\Third Party\assimp\test\unit\utMaterialSystem.cpp">
      <Filter>tests</Filter>
    </ClCompile>
    <ClCompile Include="C:\Users\Richard\Documents\IngenuityGitHub\Third Party\assimp\test\unit\utPretransformVertices.cpp">
      <Filter>tests</Filter>
    </ClCompile>
    <ClCompile Include="C:\Users\Richard\Documents\IngenuityGitHub\Third Party\assimp\test\unit\utRemoveComments.cpp">
      <Filter>tests</Filter>
    </ClCompile>
    <ClCompile Include="C:\Users\Richard\Documents\IngenuityGitHub\Third Party\assimp\test\unit\utRemoveComponent.cpp">
      <Filter>tests</Filter>
    </ClCompile>
    <ClCompile Include="C:\Users\Richard\Documents\IngenuityGitHub\Third Party\assimp\test\unit\utRemoveRedundantMaterials.cpp">
      <Filter>tests</Filter>
    </ClCompile>
    <ClCompile Include="C:\Users\Richard\Documents\IngenuityGitHub\Third Party\assimp\test\unit\utScenePreprocessor.cpp">
      <Filter>tests</Filter>
    </ClCompile>
    <ClCompile Include="C:\Users\Richard\Documents\IngenuityGitHub\Third Party\assimp\test\unit\utSharedPPData.cpp">
      <Filter>tests</Filter>
    </ClCompile>
    <ClCompile Include="C:\Users\Richard\Documents\IngenuityGitHub\Third Party\assimp\test\unit\utSortByPType.cpp">
      <Filter>tests</Filter>
    </ClCompile>
    <ClCompile Include="C:\Users\Richard\Documents\IngenuityGitHub\Third Party\assimp\test\unit\utSplitLargeMeshes.cpp">
      <Filter>tests</Filter>
    </ClCompile>
    <ClCompile Include="C:\Users\Richard\Documents\IngenuityGitHub\Third Party\assimp\test\unit\utTargetAnimation.cpp">
      <Filter>tests</Filter>
    </ClCompile>
    <ClCompile Include="C:\Users\Richard\Documents\IngenuityGitHub\Third Party\assimp\test\unit\utTextureTransform.cpp">
      <Filter>tests</Filter>
    </ClCompile>
    <ClCompile Include="C:\Users\Richard\Documents\IngenuityGitHub\Third Party\assimp\test\unit\utTriangulate.cpp">
      <Filter>tests</Filter>
    </ClCompile>
    <ClCompile Include="C:\Users\Richard\Documents\IngenuityGitHub\Third Party\assimp\test\unit\utVertexTriangleAdjacency.cpp">
      <Filter>tests</Filter>
    </ClCompile>
    <ClCompile Include="C:\Users\Richard\Documents\IngenuityGitHub\Third Party\assimp\test\unit\utNoBoostTest.cpp">
      <Filter>tests</Filter>
    </ClCompile>
  </ItemGroup>
  <ItemGroup>
    <ClInclude Include="C:\Users\Richard\Documents\IngenuityGitHub\Third Party\assimp\test\unit\UnitTestPCH.h">
      <Filter>Header Files</Filter>
    </ClInclude>
  </ItemGroup>
  <ItemGroup>
    <CustomBuild Include="C:\Users\Richard\Documents\IngenuityGitHub\Third Party\assimp\test\CMakeLists.txt" />
  </ItemGroup>
  <ItemGroup>
    <Filter Include="Source Files">
      <UniqueIdentifier>{3F8BB6D0-4A1C-4FCC-98B0-6812B08DC3EB}</UniqueIdentifier>
    </Filter>
    <Filter Include="Header Files">
      <UniqueIdentifier>{83226FF0-3256-4792-8E78-B681DCF5CAA0}</UniqueIdentifier>
    </Filter>
    <Filter Include="unit">
      <UniqueIdentifier>{8CB17F41-D4B4-4A37-AC7C-25928EB0ADC2}</UniqueIdentifier>
    </Filter>
    <Filter Include="tests">
      <UniqueIdentifier>{8E262D12-B476-492B-81F4-3E3A0841F76D}</UniqueIdentifier>
    </Filter>
  </ItemGroup>
</Project>
