<?xml version="1.0" encoding="Windows-1252"?>
<Project ToolsVersion="12.0" xmlns="http://schemas.microsoft.com/developer/msbuild/2003">
  <ItemGroup>
    <ClCompile Include="C:\Users\Richard\Documents\IngenuityGitHub\Third Party\assimp\contrib\zlib\adler32.c">
      <Filter>Source Files</Filter>
    </ClCompile>
    <ClCompile Include="C:\Users\Richard\Documents\IngenuityGitHub\Third Party\assimp\contrib\zlib\compress.c">
      <Filter>Source Files</Filter>
    </ClCompile>
    <ClCompile Include="C:\Users\Richard\Documents\IngenuityGitHub\Third Party\assimp\contrib\zlib\crc32.c">
      <Filter>Source Files</Filter>
    </ClCompile>
    <ClCompile Include="C:\Users\Richard\Documents\IngenuityGitHub\Third Party\assimp\contrib\zlib\deflate.c">
      <Filter>Source Files</Filter>
    </ClCompile>
    <ClCompile Include="C:\Users\Richard\Documents\IngenuityGitHub\Third Party\assimp\contrib\zlib\gzclose.c">
      <Filter>Source Files</Filter>
    </ClCompile>
    <ClCompile Include="C:\Users\Richard\Documents\IngenuityGitHub\Third Party\assimp\contrib\zlib\gzlib.c">
      <Filter>Source Files</Filter>
    </ClCompile>
    <ClCompile Include="C:\Users\Richard\Documents\IngenuityGitHub\Third Party\assimp\contrib\zlib\gzread.c">
      <Filter>Source Files</Filter>
    </ClCompile>
    <ClCompile Include="C:\Users\Richard\Documents\IngenuityGitHub\Third Party\assimp\contrib\zlib\gzwrite.c">
      <Filter>Source Files</Filter>
    </ClCompile>
    <ClCompile Include="C:\Users\Richard\Documents\IngenuityGitHub\Third Party\assimp\contrib\zlib\inflate.c">
      <Filter>Source Files</Filter>
    </ClCompile>
    <ClCompile Include="C:\Users\Richard\Documents\IngenuityGitHub\Third Party\assimp\contrib\zlib\infback.c">
      <Filter>Source Files</Filter>
    </ClCompile>
    <ClCompile Include="C:\Users\Richard\Documents\IngenuityGitHub\Third Party\assimp\contrib\zlib\inftrees.c">
      <Filter>Source Files</Filter>
    </ClCompile>
    <ClCompile Include="C:\Users\Richard\Documents\IngenuityGitHub\Third Party\assimp\contrib\zlib\inffast.c">
      <Filter>Source Files</Filter>
    </ClCompile>
    <ClCompile Include="C:\Users\Richard\Documents\IngenuityGitHub\Third Party\assimp\contrib\zlib\trees.c">
      <Filter>Source Files</Filter>
    </ClCompile>
    <ClCompile Include="C:\Users\Richard\Documents\IngenuityGitHub\Third Party\assimp\contrib\zlib\uncompr.c">
      <Filter>Source Files</Filter>
    </ClCompile>
    <ClCompile Include="C:\Users\Richard\Documents\IngenuityGitHub\Third Party\assimp\contrib\zlib\zutil.c">
      <Filter>Source Files</Filter>
    </ClCompile>
  </ItemGroup>
  <ItemGroup>
    <ClInclude Include="C:\Users\Richard\Documents\IngenuityGitHub\Third Party\assimp-cmake\contrib\zlib\zconf.h">
      <Filter>Header Files</Filter>
    </ClInclude>
    <ClInclude Include="C:\Users\Richard\Documents\IngenuityGitHub\Third Party\assimp\contrib\zlib\zlib.h">
      <Filter>Header Files</Filter>
    </ClInclude>
    <ClInclude Include="C:\Users\Richard\Documents\IngenuityGitHub\Third Party\assimp\contrib\zlib\crc32.h">
      <Filter>Header Files</Filter>
    </ClInclude>
    <ClInclude Include="C:\Users\Richard\Documents\IngenuityGitHub\Third Party\assimp\contrib\zlib\deflate.h">
      <Filter>Header Files</Filter>
    </ClInclude>
    <ClInclude Include="C:\Users\Richard\Documents\IngenuityGitHub\Third Party\assimp\contrib\zlib\gzguts.h">
      <Filter>Header Files</Filter>
    </ClInclude>
    <ClInclude Include="C:\Users\Richard\Documents\IngenuityGitHub\Third Party\assimp\contrib\zlib\inffast.h">
      <Filter>Header Files</Filter>
    </ClInclude>
    <ClInclude Include="C:\Users\Richard\Documents\IngenuityGitHub\Third Party\assimp\contrib\zlib\inffixed.h">
      <Filter>Header Files</Filter>
    </ClInclude>
    <ClInclude Include="C:\Users\Richard\Documents\IngenuityGitHub\Third Party\assimp\contrib\zlib\inflate.h">
      <Filter>Header Files</Filter>
    </ClInclude>
    <ClInclude Include="C:\Users\Richard\Documents\IngenuityGitHub\Third Party\assimp\contrib\zlib\inftrees.h">
      <Filter>Header Files</Filter>
    </ClInclude>
    <ClInclude Include="C:\Users\Richard\Documents\IngenuityGitHub\Third Party\assimp\contrib\zlib\trees.h">
      <Filter>Header Files</Filter>
    </ClInclude>
    <ClInclude Include="C:\Users\Richard\Documents\IngenuityGitHub\Third Party\assimp\contrib\zlib\zutil.h">
      <Filter>Header Files</Filter>
    </ClInclude>
  </ItemGroup>
  <ItemGroup>
    <CustomBuild Include="C:\Users\Richard\Documents\IngenuityGitHub\Third Party\assimp\contrib\zlib\CMakeLists.txt" />
  </ItemGroup>
  <ItemGroup>
    <Filter Include="Source Files">
      <UniqueIdentifier>{3F8BB6D0-4A1C-4FCC-98B0-6812B08DC3EB}</UniqueIdentifier>
    </Filter>
    <Filter Include="Header Files">
      <UniqueIdentifier>{83226FF0-3256-4792-8E78-B681DCF5CAA0}</UniqueIdentifier>
    </Filter>
  </ItemGroup>
</Project>
