
Microsoft Visual Studio Solution File, Format Version 12.00
# Visual Studio Express 2013 for Windows
VisualStudioVersion = 12.0.30501.0
MinimumVisualStudioVersion = 10.0.40219.1
Project("{8BC9CEB8-8B4A-11D0-8D11-00A0C91BC942}") = "CubeDemoMetro", "CubeDemoMetro\CubeDemoMetro.vcxproj", "{C31A4B12-5F65-4B13-819C-8362B5133F61}"
EndProject
Project("{8BC9CEB8-8B4A-11D0-8D11-00A0C91BC942}") = "HelloDirect3DMetro", "HelloDirect3DMetro\HelloDirect3DMetro.vcxproj", "{87A1A526-C85C-44BA-9845-7B68D2E92187}"
	ProjectSection(ProjectDependencies) = postProject
		{C0017C9D-FF9F-41ED-99B9-B4EE66658681} = {C0017C9D-FF9F-41ED-99B9-B4EE66658681}
	EndProjectSection
EndProject
Project("{8BC9CEB8-8B4A-11D0-8D11-00A0C91BC942}") = "LightingDemoMetro", "LightingDemoMetro\LightingDemoMetro.vcxproj", "{2FA0C781-9F0B-42F5-B395-001596383D83}"
EndProject
Project("{8BC9CEB8-8B4A-11D0-8D11-00A0C91BC942}") = "CrateDemoMetro", "CrateDemoMetro\CrateDemoMetro.vcxproj", "{7AE88F52-8C23-40FF-92B7-462757E7C706}"
EndProject
Project("{8BC9CEB8-8B4A-11D0-8D11-00A0C91BC942}") = "PointLightDemoMetro", "PointLightDemoMetro\PointLightDemoMetro.vcxproj", "{16A3D523-D222-4BAE-9047-BF750504CB68}"
EndProject
Project("{8BC9CEB8-8B4A-11D0-8D11-00A0C91BC942}") = "MirrorDemoMetro", "MirrorDemoMetro\MirrorDemoMetro.vcxproj", "{A511B95B-AA36-4D80-A4FF-61A9200BD09B}"
EndProject
Project("{8BC9CEB8-8B4A-11D0-8D11-00A0C91BC942}") = "FrameworkLibMetro", "..\FrameworkLib\FrameworkLibMetro.vcxproj", "{C0017C9D-FF9F-41ED-99B9-B4EE66658681}"
	ProjectSection(ProjectDependencies) = postProject
		{E0B52AE7-E160-4D32-BF3F-910B785E5A8E} = {E0B52AE7-E160-4D32-BF3F-910B785E5A8E}
	EndProjectSection
EndProject
Project("{8BC9CEB8-8B4A-11D0-8D11-00A0C91BC942}") = "MeshDemoMetro", "MeshDemoMetro\MeshDemoMetro.vcxproj", "{223C08FF-BA32-4157-91F0-844C76361FFE}"
EndProject
Project("{8BC9CEB8-8B4A-11D0-8D11-00A0C91BC942}") = "HeightDemoMetro", "HeightDemoMetro\HeightDemoMetro.vcxproj", "{9D47E2FC-F319-43D3-BA02-F1D9332B59BC}"
EndProject
Project("{8BC9CEB8-8B4A-11D0-8D11-00A0C91BC942}") = "RenderTextureDemoMetro", "RenderTextureDemoMetro\RenderTextureDemoMetro.vcxproj", "{06F8345D-866B-4857-979B-28824AFFFF84}"
EndProject
Project("{8BC9CEB8-8B4A-11D0-8D11-00A0C91BC942}") = "SceneDemoMetro", "SceneDemoMetro\SceneDemoMetro.vcxproj", "{76F09B58-0F96-4277-A374-1090627D98EE}"
EndProject
Project("{8BC9CEB8-8B4A-11D0-8D11-00A0C91BC942}") = "PropsDemoMetro", "PropsDemoMetro\PropsDemoMetro.vcxproj", "{D702DA96-C5CA-4545-836C-C71EBE0A3C5E}"
EndProject
Project("{8BC9CEB8-8B4A-11D0-8D11-00A0C91BC942}") = "DirectXTK_Windows81", "..\Third Party\DirectXTK 2014-04\DirectXTK_Windows81.vcxproj", "{E0B52AE7-E160-4D32-BF3F-910B785E5A8E}"
EndProject
Global
	GlobalSection(SolutionConfigurationPlatforms) = preSolution
		Debug DX11|ARM = Debug DX11|ARM
		Debug DX11|Win32 = Debug DX11|Win32
		Debug DX11|x64 = Debug DX11|x64
		Debug DX9|ARM = Debug DX9|ARM
		Debug DX9|Win32 = Debug DX9|Win32
		Debug DX9|x64 = Debug DX9|x64
		Debug|ARM = Debug|ARM
		Debug|Win32 = Debug|Win32
		Debug|x64 = Debug|x64
		Release|ARM = Release|ARM
		Release|Win32 = Release|Win32
		Release|x64 = Release|x64
	EndGlobalSection
	GlobalSection(ProjectConfigurationPlatforms) = postSolution
		{C31A4B12-5F65-4B13-819C-8362B5133F61}.Debug DX11|ARM.ActiveCfg = Debug|ARM
		{C31A4B12-5F65-4B13-819C-8362B5133F61}.Debug DX11|ARM.Build.0 = Debug|ARM
		{C31A4B12-5F65-4B13-819C-8362B5133F61}.Debug DX11|ARM.Deploy.0 = Debug|ARM
		{C31A4B12-5F65-4B13-819C-8362B5133F61}.Debug DX11|Win32.ActiveCfg = Debug|Win32
		{C31A4B12-5F65-4B13-819C-8362B5133F61}.Debug DX11|Win32.Build.0 = Debug|Win32
		{C31A4B12-5F65-4B13-819C-8362B5133F61}.Debug DX11|Win32.Deploy.0 = Debug|Win32
		{C31A4B12-5F65-4B13-819C-8362B5133F61}.Debug DX11|x64.ActiveCfg = Debug|x64
		{C31A4B12-5F65-4B13-819C-8362B5133F61}.Debug DX11|x64.Build.0 = Debug|x64
		{C31A4B12-5F65-4B13-819C-8362B5133F61}.Debug DX11|x64.Deploy.0 = Debug|x64
		{C31A4B12-5F65-4B13-819C-8362B5133F61}.Debug DX9|ARM.ActiveCfg = Debug|ARM
		{C31A4B12-5F65-4B13-819C-8362B5133F61}.Debug DX9|ARM.Build.0 = Debug|ARM
		{C31A4B12-5F65-4B13-819C-8362B5133F61}.Debug DX9|ARM.Deploy.0 = Debug|ARM
		{C31A4B12-5F65-4B13-819C-8362B5133F61}.Debug DX9|Win32.ActiveCfg = Debug|Win32
		{C31A4B12-5F65-4B13-819C-8362B5133F61}.Debug DX9|Win32.Build.0 = Debug|Win32
		{C31A4B12-5F65-4B13-819C-8362B5133F61}.Debug DX9|Win32.Deploy.0 = Debug|Win32
		{C31A4B12-5F65-4B13-819C-8362B5133F61}.Debug DX9|x64.ActiveCfg = Debug|x64
		{C31A4B12-5F65-4B13-819C-8362B5133F61}.Debug DX9|x64.Build.0 = Debug|x64
		{C31A4B12-5F65-4B13-819C-8362B5133F61}.Debug DX9|x64.Deploy.0 = Debug|x64
		{C31A4B12-5F65-4B13-819C-8362B5133F61}.Debug|ARM.ActiveCfg = Debug|ARM
		{C31A4B12-5F65-4B13-819C-8362B5133F61}.Debug|Win32.ActiveCfg = Debug|Win32
		{C31A4B12-5F65-4B13-819C-8362B5133F61}.Debug|Win32.Build.0 = Debug|Win32
		{C31A4B12-5F65-4B13-819C-8362B5133F61}.Debug|Win32.Deploy.0 = Debug|Win32
		{C31A4B12-5F65-4B13-819C-8362B5133F61}.Debug|x64.ActiveCfg = Debug|x64
		{C31A4B12-5F65-4B13-819C-8362B5133F61}.Release|ARM.ActiveCfg = Release|ARM
		{C31A4B12-5F65-4B13-819C-8362B5133F61}.Release|ARM.Build.0 = Release|ARM
		{C31A4B12-5F65-4B13-819C-8362B5133F61}.Release|ARM.Deploy.0 = Release|ARM
		{C31A4B12-5F65-4B13-819C-8362B5133F61}.Release|Win32.ActiveCfg = Release|Win32
		{C31A4B12-5F65-4B13-819C-8362B5133F61}.Release|Win32.Build.0 = Release|Win32
		{C31A4B12-5F65-4B13-819C-8362B5133F61}.Release|Win32.Deploy.0 = Release|Win32
		{C31A4B12-5F65-4B13-819C-8362B5133F61}.Release|x64.ActiveCfg = Release|x64
		{C31A4B12-5F65-4B13-819C-8362B5133F61}.Release|x64.Build.0 = Release|x64
		{C31A4B12-5F65-4B13-819C-8362B5133F61}.Release|x64.Deploy.0 = Release|x64
		{87A1A526-C85C-44BA-9845-7B68D2E92187}.Debug DX11|ARM.ActiveCfg = Debug|ARM
		{87A1A526-C85C-44BA-9845-7B68D2E92187}.Debug DX11|ARM.Build.0 = Debug|ARM
		{87A1A526-C85C-44BA-9845-7B68D2E92187}.Debug DX11|ARM.Deploy.0 = Debug|ARM
		{87A1A526-C85C-44BA-9845-7B68D2E92187}.Debug DX11|Win32.ActiveCfg = Debug|Win32
		{87A1A526-C85C-44BA-9845-7B68D2E92187}.Debug DX11|Win32.Build.0 = Debug|Win32
		{87A1A526-C85C-44BA-9845-7B68D2E92187}.Debug DX11|Win32.Deploy.0 = Debug|Win32
		{87A1A526-C85C-44BA-9845-7B68D2E92187}.Debug DX11|x64.ActiveCfg = Debug|x64
		{87A1A526-C85C-44BA-9845-7B68D2E92187}.Debug DX11|x64.Build.0 = Debug|x64
		{87A1A526-C85C-44BA-9845-7B68D2E92187}.Debug DX11|x64.Deploy.0 = Debug|x64
		{87A1A526-C85C-44BA-9845-7B68D2E92187}.Debug DX9|ARM.ActiveCfg = Debug|ARM
		{87A1A526-C85C-44BA-9845-7B68D2E92187}.Debug DX9|ARM.Build.0 = Debug|ARM
		{87A1A526-C85C-44BA-9845-7B68D2E92187}.Debug DX9|ARM.Deploy.0 = Debug|ARM
		{87A1A526-C85C-44BA-9845-7B68D2E92187}.Debug DX9|Win32.ActiveCfg = Debug|Win32
		{87A1A526-C85C-44BA-9845-7B68D2E92187}.Debug DX9|Win32.Build.0 = Debug|Win32
		{87A1A526-C85C-44BA-9845-7B68D2E92187}.Debug DX9|Win32.Deploy.0 = Debug|Win32
		{87A1A526-C85C-44BA-9845-7B68D2E92187}.Debug DX9|x64.ActiveCfg = Debug|x64
		{87A1A526-C85C-44BA-9845-7B68D2E92187}.Debug DX9|x64.Build.0 = Debug|x64
		{87A1A526-C85C-44BA-9845-7B68D2E92187}.Debug DX9|x64.Deploy.0 = Debug|x64
		{87A1A526-C85C-44BA-9845-7B68D2E92187}.Debug|ARM.ActiveCfg = Debug|ARM
		{87A1A526-C85C-44BA-9845-7B68D2E92187}.Debug|ARM.Build.0 = Debug|ARM
		{87A1A526-C85C-44BA-9845-7B68D2E92187}.Debug|ARM.Deploy.0 = Debug|ARM
		{87A1A526-C85C-44BA-9845-7B68D2E92187}.Debug|Win32.ActiveCfg = Debug|Win32
		{87A1A526-C85C-44BA-9845-7B68D2E92187}.Debug|Win32.Build.0 = Debug|Win32
		{87A1A526-C85C-44BA-9845-7B68D2E92187}.Debug|Win32.Deploy.0 = Debug|Win32
		{87A1A526-C85C-44BA-9845-7B68D2E92187}.Debug|x64.ActiveCfg = Debug|x64
		{87A1A526-C85C-44BA-9845-7B68D2E92187}.Debug|x64.Build.0 = Debug|x64
		{87A1A526-C85C-44BA-9845-7B68D2E92187}.Debug|x64.Deploy.0 = Debug|x64
		{87A1A526-C85C-44BA-9845-7B68D2E92187}.Release|ARM.ActiveCfg = Release|ARM
		{87A1A526-C85C-44BA-9845-7B68D2E92187}.Release|ARM.Build.0 = Release|ARM
		{87A1A526-C85C-44BA-9845-7B68D2E92187}.Release|ARM.Deploy.0 = Release|ARM
		{87A1A526-C85C-44BA-9845-7B68D2E92187}.Release|Win32.ActiveCfg = Release|Win32
		{87A1A526-C85C-44BA-9845-7B68D2E92187}.Release|Win32.Build.0 = Release|Win32
		{87A1A526-C85C-44BA-9845-7B68D2E92187}.Release|Win32.Deploy.0 = Release|Win32
		{87A1A526-C85C-44BA-9845-7B68D2E92187}.Release|x64.ActiveCfg = Release|x64
		{87A1A526-C85C-44BA-9845-7B68D2E92187}.Release|x64.Build.0 = Release|x64
		{87A1A526-C85C-44BA-9845-7B68D2E92187}.Release|x64.Deploy.0 = Release|x64
		{2FA0C781-9F0B-42F5-B395-001596383D83}.Debug DX11|ARM.ActiveCfg = Debug|ARM
		{2FA0C781-9F0B-42F5-B395-001596383D83}.Debug DX11|ARM.Build.0 = Debug|ARM
		{2FA0C781-9F0B-42F5-B395-001596383D83}.Debug DX11|ARM.Deploy.0 = Debug|ARM
		{2FA0C781-9F0B-42F5-B395-001596383D83}.Debug DX11|Win32.ActiveCfg = Debug|Win32
		{2FA0C781-9F0B-42F5-B395-001596383D83}.Debug DX11|Win32.Build.0 = Debug|Win32
		{2FA0C781-9F0B-42F5-B395-001596383D83}.Debug DX11|Win32.Deploy.0 = Debug|Win32
		{2FA0C781-9F0B-42F5-B395-001596383D83}.Debug DX11|x64.ActiveCfg = Debug|x64
		{2FA0C781-9F0B-42F5-B395-001596383D83}.Debug DX11|x64.Build.0 = Debug|x64
		{2FA0C781-9F0B-42F5-B395-001596383D83}.Debug DX11|x64.Deploy.0 = Debug|x64
		{2FA0C781-9F0B-42F5-B395-001596383D83}.Debug DX9|ARM.ActiveCfg = Debug|ARM
		{2FA0C781-9F0B-42F5-B395-001596383D83}.Debug DX9|ARM.Build.0 = Debug|ARM
		{2FA0C781-9F0B-42F5-B395-001596383D83}.Debug DX9|ARM.Deploy.0 = Debug|ARM
		{2FA0C781-9F0B-42F5-B395-001596383D83}.Debug DX9|Win32.ActiveCfg = Debug|Win32
		{2FA0C781-9F0B-42F5-B395-001596383D83}.Debug DX9|Win32.Build.0 = Debug|Win32
		{2FA0C781-9F0B-42F5-B395-001596383D83}.Debug DX9|Win32.Deploy.0 = Debug|Win32
		{2FA0C781-9F0B-42F5-B395-001596383D83}.Debug DX9|x64.ActiveCfg = Debug|x64
		{2FA0C781-9F0B-42F5-B395-001596383D83}.Debug DX9|x64.Build.0 = Debug|x64
		{2FA0C781-9F0B-42F5-B395-001596383D83}.Debug DX9|x64.Deploy.0 = Debug|x64
		{2FA0C781-9F0B-42F5-B395-001596383D83}.Debug|ARM.ActiveCfg = Debug|ARM
		{2FA0C781-9F0B-42F5-B395-001596383D83}.Debug|ARM.Build.0 = Debug|ARM
		{2FA0C781-9F0B-42F5-B395-001596383D83}.Debug|ARM.Deploy.0 = Debug|ARM
		{2FA0C781-9F0B-42F5-B395-001596383D83}.Debug|Win32.ActiveCfg = Debug|Win32
		{2FA0C781-9F0B-42F5-B395-001596383D83}.Debug|Win32.Build.0 = Debug|Win32
		{2FA0C781-9F0B-42F5-B395-001596383D83}.Debug|Win32.Deploy.0 = Debug|Win32
		{2FA0C781-9F0B-42F5-B395-001596383D83}.Debug|x64.ActiveCfg = Debug|x64
		{2FA0C781-9F0B-42F5-B395-001596383D83}.Debug|x64.Build.0 = Debug|x64
		{2FA0C781-9F0B-42F5-B395-001596383D83}.Debug|x64.Deploy.0 = Debug|x64
		{2FA0C781-9F0B-42F5-B395-001596383D83}.Release|ARM.ActiveCfg = Release|ARM
		{2FA0C781-9F0B-42F5-B395-001596383D83}.Release|ARM.Build.0 = Release|ARM
		{2FA0C781-9F0B-42F5-B395-001596383D83}.Release|ARM.Deploy.0 = Release|ARM
		{2FA0C781-9F0B-42F5-B395-001596383D83}.Release|Win32.ActiveCfg = Release|Win32
		{2FA0C781-9F0B-42F5-B395-001596383D83}.Release|Win32.Build.0 = Release|Win32
		{2FA0C781-9F0B-42F5-B395-001596383D83}.Release|Win32.Deploy.0 = Release|Win32
		{2FA0C781-9F0B-42F5-B395-001596383D83}.Release|x64.ActiveCfg = Release|x64
		{2FA0C781-9F0B-42F5-B395-001596383D83}.Release|x64.Build.0 = Release|x64
		{2FA0C781-9F0B-42F5-B395-001596383D83}.Release|x64.Deploy.0 = Release|x64
		{7AE88F52-8C23-40FF-92B7-462757E7C706}.Debug DX11|ARM.ActiveCfg = Debug|ARM
		{7AE88F52-8C23-40FF-92B7-462757E7C706}.Debug DX11|ARM.Build.0 = Debug|ARM
		{7AE88F52-8C23-40FF-92B7-462757E7C706}.Debug DX11|ARM.Deploy.0 = Debug|ARM
		{7AE88F52-8C23-40FF-92B7-462757E7C706}.Debug DX11|Win32.ActiveCfg = Debug|Win32
		{7AE88F52-8C23-40FF-92B7-462757E7C706}.Debug DX11|Win32.Build.0 = Debug|Win32
		{7AE88F52-8C23-40FF-92B7-462757E7C706}.Debug DX11|Win32.Deploy.0 = Debug|Win32
		{7AE88F52-8C23-40FF-92B7-462757E7C706}.Debug DX11|x64.ActiveCfg = Debug|x64
		{7AE88F52-8C23-40FF-92B7-462757E7C706}.Debug DX11|x64.Build.0 = Debug|x64
		{7AE88F52-8C23-40FF-92B7-462757E7C706}.Debug DX11|x64.Deploy.0 = Debug|x64
		{7AE88F52-8C23-40FF-92B7-462757E7C706}.Debug DX9|ARM.ActiveCfg = Debug|ARM
		{7AE88F52-8C23-40FF-92B7-462757E7C706}.Debug DX9|ARM.Build.0 = Debug|ARM
		{7AE88F52-8C23-40FF-92B7-462757E7C706}.Debug DX9|ARM.Deploy.0 = Debug|ARM
		{7AE88F52-8C23-40FF-92B7-462757E7C706}.Debug DX9|Win32.ActiveCfg = Debug|Win32
		{7AE88F52-8C23-40FF-92B7-462757E7C706}.Debug DX9|Win32.Build.0 = Debug|Win32
		{7AE88F52-8C23-40FF-92B7-462757E7C706}.Debug DX9|Win32.Deploy.0 = Debug|Win32
		{7AE88F52-8C23-40FF-92B7-462757E7C706}.Debug DX9|x64.ActiveCfg = Debug|x64
		{7AE88F52-8C23-40FF-92B7-462757E7C706}.Debug DX9|x64.Build.0 = Debug|x64
		{7AE88F52-8C23-40FF-92B7-462757E7C706}.Debug DX9|x64.Deploy.0 = Debug|x64
		{7AE88F52-8C23-40FF-92B7-462757E7C706}.Debug|ARM.ActiveCfg = Debug|ARM
		{7AE88F52-8C23-40FF-92B7-462757E7C706}.Debug|ARM.Build.0 = Debug|ARM
		{7AE88F52-8C23-40FF-92B7-462757E7C706}.Debug|ARM.Deploy.0 = Debug|ARM
		{7AE88F52-8C23-40FF-92B7-462757E7C706}.Debug|Win32.ActiveCfg = Debug|Win32
		{7AE88F52-8C23-40FF-92B7-462757E7C706}.Debug|Win32.Build.0 = Debug|Win32
		{7AE88F52-8C23-40FF-92B7-462757E7C706}.Debug|Win32.Deploy.0 = Debug|Win32
		{7AE88F52-8C23-40FF-92B7-462757E7C706}.Debug|x64.ActiveCfg = Debug|x64
		{7AE88F52-8C23-40FF-92B7-462757E7C706}.Debug|x64.Build.0 = Debug|x64
		{7AE88F52-8C23-40FF-92B7-462757E7C706}.Debug|x64.Deploy.0 = Debug|x64
		{7AE88F52-8C23-40FF-92B7-462757E7C706}.Release|ARM.ActiveCfg = Release|ARM
		{7AE88F52-8C23-40FF-92B7-462757E7C706}.Release|ARM.Build.0 = Release|ARM
		{7AE88F52-8C23-40FF-92B7-462757E7C706}.Release|ARM.Deploy.0 = Release|ARM
		{7AE88F52-8C23-40FF-92B7-462757E7C706}.Release|Win32.ActiveCfg = Release|Win32
		{7AE88F52-8C23-40FF-92B7-462757E7C706}.Release|Win32.Build.0 = Release|Win32
		{7AE88F52-8C23-40FF-92B7-462757E7C706}.Release|Win32.Deploy.0 = Release|Win32
		{7AE88F52-8C23-40FF-92B7-462757E7C706}.Release|x64.ActiveCfg = Release|x64
		{7AE88F52-8C23-40FF-92B7-462757E7C706}.Release|x64.Build.0 = Release|x64
		{7AE88F52-8C23-40FF-92B7-462757E7C706}.Release|x64.Deploy.0 = Release|x64
		{16A3D523-D222-4BAE-9047-BF750504CB68}.Debug DX11|ARM.ActiveCfg = Debug|ARM
		{16A3D523-D222-4BAE-9047-BF750504CB68}.Debug DX11|ARM.Build.0 = Debug|ARM
		{16A3D523-D222-4BAE-9047-BF750504CB68}.Debug DX11|ARM.Deploy.0 = Debug|ARM
		{16A3D523-D222-4BAE-9047-BF750504CB68}.Debug DX11|Win32.ActiveCfg = Debug|Win32
		{16A3D523-D222-4BAE-9047-BF750504CB68}.Debug DX11|Win32.Build.0 = Debug|Win32
		{16A3D523-D222-4BAE-9047-BF750504CB68}.Debug DX11|Win32.Deploy.0 = Debug|Win32
		{16A3D523-D222-4BAE-9047-BF750504CB68}.Debug DX11|x64.ActiveCfg = Debug|x64
		{16A3D523-D222-4BAE-9047-BF750504CB68}.Debug DX11|x64.Build.0 = Debug|x64
		{16A3D523-D222-4BAE-9047-BF750504CB68}.Debug DX11|x64.Deploy.0 = Debug|x64
		{16A3D523-D222-4BAE-9047-BF750504CB68}.Debug DX9|ARM.ActiveCfg = Debug|ARM
		{16A3D523-D222-4BAE-9047-BF750504CB68}.Debug DX9|ARM.Build.0 = Debug|ARM
		{16A3D523-D222-4BAE-9047-BF750504CB68}.Debug DX9|ARM.Deploy.0 = Debug|ARM
		{16A3D523-D222-4BAE-9047-BF750504CB68}.Debug DX9|Win32.ActiveCfg = Debug|Win32
		{16A3D523-D222-4BAE-9047-BF750504CB68}.Debug DX9|Win32.Build.0 = Debug|Win32
		{16A3D523-D222-4BAE-9047-BF750504CB68}.Debug DX9|Win32.Deploy.0 = Debug|Win32
		{16A3D523-D222-4BAE-9047-BF750504CB68}.Debug DX9|x64.ActiveCfg = Debug|x64
		{16A3D523-D222-4BAE-9047-BF750504CB68}.Debug DX9|x64.Build.0 = Debug|x64
		{16A3D523-D222-4BAE-9047-BF750504CB68}.Debug DX9|x64.Deploy.0 = Debug|x64
		{16A3D523-D222-4BAE-9047-BF750504CB68}.Debug|ARM.ActiveCfg = Debug|ARM
		{16A3D523-D222-4BAE-9047-BF750504CB68}.Debug|ARM.Build.0 = Debug|ARM
		{16A3D523-D222-4BAE-9047-BF750504CB68}.Debug|ARM.Deploy.0 = Debug|ARM
		{16A3D523-D222-4BAE-9047-BF750504CB68}.Debug|Win32.ActiveCfg = Debug|Win32
		{16A3D523-D222-4BAE-9047-BF750504CB68}.Debug|Win32.Build.0 = Debug|Win32
		{16A3D523-D222-4BAE-9047-BF750504CB68}.Debug|Win32.Deploy.0 = Debug|Win32
		{16A3D523-D222-4BAE-9047-BF750504CB68}.Debug|x64.ActiveCfg = Debug|x64
		{16A3D523-D222-4BAE-9047-BF750504CB68}.Debug|x64.Build.0 = Debug|x64
		{16A3D523-D222-4BAE-9047-BF750504CB68}.Debug|x64.Deploy.0 = Debug|x64
		{16A3D523-D222-4BAE-9047-BF750504CB68}.Release|ARM.ActiveCfg = Release|ARM
		{16A3D523-D222-4BAE-9047-BF750504CB68}.Release|ARM.Build.0 = Release|ARM
		{16A3D523-D222-4BAE-9047-BF750504CB68}.Release|ARM.Deploy.0 = Release|ARM
		{16A3D523-D222-4BAE-9047-BF750504CB68}.Release|Win32.ActiveCfg = Release|Win32
		{16A3D523-D222-4BAE-9047-BF750504CB68}.Release|Win32.Build.0 = Release|Win32
		{16A3D523-D222-4BAE-9047-BF750504CB68}.Release|Win32.Deploy.0 = Release|Win32
		{16A3D523-D222-4BAE-9047-BF750504CB68}.Release|x64.ActiveCfg = Release|x64
		{16A3D523-D222-4BAE-9047-BF750504CB68}.Release|x64.Build.0 = Release|x64
		{16A3D523-D222-4BAE-9047-BF750504CB68}.Release|x64.Deploy.0 = Release|x64
		{A511B95B-AA36-4D80-A4FF-61A9200BD09B}.Debug DX11|ARM.ActiveCfg = Debug|ARM
		{A511B95B-AA36-4D80-A4FF-61A9200BD09B}.Debug DX11|ARM.Build.0 = Debug|ARM
		{A511B95B-AA36-4D80-A4FF-61A9200BD09B}.Debug DX11|ARM.Deploy.0 = Debug|ARM
		{A511B95B-AA36-4D80-A4FF-61A9200BD09B}.Debug DX11|Win32.ActiveCfg = Debug|Win32
		{A511B95B-AA36-4D80-A4FF-61A9200BD09B}.Debug DX11|Win32.Build.0 = Debug|Win32
		{A511B95B-AA36-4D80-A4FF-61A9200BD09B}.Debug DX11|Win32.Deploy.0 = Debug|Win32
		{A511B95B-AA36-4D80-A4FF-61A9200BD09B}.Debug DX11|x64.ActiveCfg = Debug|x64
		{A511B95B-AA36-4D80-A4FF-61A9200BD09B}.Debug DX11|x64.Build.0 = Debug|x64
		{A511B95B-AA36-4D80-A4FF-61A9200BD09B}.Debug DX11|x64.Deploy.0 = Debug|x64
		{A511B95B-AA36-4D80-A4FF-61A9200BD09B}.Debug DX9|ARM.ActiveCfg = Debug|ARM
		{A511B95B-AA36-4D80-A4FF-61A9200BD09B}.Debug DX9|ARM.Build.0 = Debug|ARM
		{A511B95B-AA36-4D80-A4FF-61A9200BD09B}.Debug DX9|ARM.Deploy.0 = Debug|ARM
		{A511B95B-AA36-4D80-A4FF-61A9200BD09B}.Debug DX9|Win32.ActiveCfg = Debug|Win32
		{A511B95B-AA36-4D80-A4FF-61A9200BD09B}.Debug DX9|Win32.Build.0 = Debug|Win32
		{A511B95B-AA36-4D80-A4FF-61A9200BD09B}.Debug DX9|Win32.Deploy.0 = Debug|Win32
		{A511B95B-AA36-4D80-A4FF-61A9200BD09B}.Debug DX9|x64.ActiveCfg = Debug|x64
		{A511B95B-AA36-4D80-A4FF-61A9200BD09B}.Debug DX9|x64.Build.0 = Debug|x64
		{A511B95B-AA36-4D80-A4FF-61A9200BD09B}.Debug DX9|x64.Deploy.0 = Debug|x64
		{A511B95B-AA36-4D80-A4FF-61A9200BD09B}.Debug|ARM.ActiveCfg = Debug|ARM
		{A511B95B-AA36-4D80-A4FF-61A9200BD09B}.Debug|ARM.Build.0 = Debug|ARM
		{A511B95B-AA36-4D80-A4FF-61A9200BD09B}.Debug|ARM.Deploy.0 = Debug|ARM
		{A511B95B-AA36-4D80-A4FF-61A9200BD09B}.Debug|Win32.ActiveCfg = Debug|Win32
		{A511B95B-AA36-4D80-A4FF-61A9200BD09B}.Debug|Win32.Build.0 = Debug|Win32
		{A511B95B-AA36-4D80-A4FF-61A9200BD09B}.Debug|Win32.Deploy.0 = Debug|Win32
		{A511B95B-AA36-4D80-A4FF-61A9200BD09B}.Debug|x64.ActiveCfg = Debug|x64
		{A511B95B-AA36-4D80-A4FF-61A9200BD09B}.Debug|x64.Build.0 = Debug|x64
		{A511B95B-AA36-4D80-A4FF-61A9200BD09B}.Debug|x64.Deploy.0 = Debug|x64
		{A511B95B-AA36-4D80-A4FF-61A9200BD09B}.Release|ARM.ActiveCfg = Release|ARM
		{A511B95B-AA36-4D80-A4FF-61A9200BD09B}.Release|ARM.Build.0 = Release|ARM
		{A511B95B-AA36-4D80-A4FF-61A9200BD09B}.Release|ARM.Deploy.0 = Release|ARM
		{A511B95B-AA36-4D80-A4FF-61A9200BD09B}.Release|Win32.ActiveCfg = Release|Win32
		{A511B95B-AA36-4D80-A4FF-61A9200BD09B}.Release|Win32.Build.0 = Release|Win32
		{A511B95B-AA36-4D80-A4FF-61A9200BD09B}.Release|Win32.Deploy.0 = Release|Win32
		{A511B95B-AA36-4D80-A4FF-61A9200BD09B}.Release|x64.ActiveCfg = Release|x64
		{A511B95B-AA36-4D80-A4FF-61A9200BD09B}.Release|x64.Build.0 = Release|x64
		{A511B95B-AA36-4D80-A4FF-61A9200BD09B}.Release|x64.Deploy.0 = Release|x64
		{C0017C9D-FF9F-41ED-99B9-B4EE66658681}.Debug DX11|ARM.ActiveCfg = Debug|ARM
		{C0017C9D-FF9F-41ED-99B9-B4EE66658681}.Debug DX11|ARM.Build.0 = Debug|ARM
		{C0017C9D-FF9F-41ED-99B9-B4EE66658681}.Debug DX11|Win32.ActiveCfg = Debug|Win32
		{C0017C9D-FF9F-41ED-99B9-B4EE66658681}.Debug DX11|Win32.Build.0 = Debug|Win32
		{C0017C9D-FF9F-41ED-99B9-B4EE66658681}.Debug DX11|x64.ActiveCfg = Debug|x64
		{C0017C9D-FF9F-41ED-99B9-B4EE66658681}.Debug DX11|x64.Build.0 = Debug|x64
		{C0017C9D-FF9F-41ED-99B9-B4EE66658681}.Debug DX9|ARM.ActiveCfg = Debug|ARM
		{C0017C9D-FF9F-41ED-99B9-B4EE66658681}.Debug DX9|ARM.Build.0 = Debug|ARM
		{C0017C9D-FF9F-41ED-99B9-B4EE66658681}.Debug DX9|Win32.ActiveCfg = Debug|Win32
		{C0017C9D-FF9F-41ED-99B9-B4EE66658681}.Debug DX9|Win32.Build.0 = Debug|Win32
		{C0017C9D-FF9F-41ED-99B9-B4EE66658681}.Debug DX9|x64.ActiveCfg = Debug|x64
		{C0017C9D-FF9F-41ED-99B9-B4EE66658681}.Debug DX9|x64.Build.0 = Debug|x64
		{C0017C9D-FF9F-41ED-99B9-B4EE66658681}.Debug|ARM.ActiveCfg = Debug|ARM
		{C0017C9D-FF9F-41ED-99B9-B4EE66658681}.Debug|ARM.Build.0 = Debug|ARM
		{C0017C9D-FF9F-41ED-99B9-B4EE66658681}.Debug|Win32.ActiveCfg = Debug|Win32
		{C0017C9D-FF9F-41ED-99B9-B4EE66658681}.Debug|Win32.Build.0 = Debug|Win32
		{C0017C9D-FF9F-41ED-99B9-B4EE66658681}.Debug|x64.ActiveCfg = Debug|x64
		{C0017C9D-FF9F-41ED-99B9-B4EE66658681}.Debug|x64.Build.0 = Debug|x64
		{C0017C9D-FF9F-41ED-99B9-B4EE66658681}.Release|ARM.ActiveCfg = Release|ARM
		{C0017C9D-FF9F-41ED-99B9-B4EE66658681}.Release|ARM.Build.0 = Release|ARM
		{C0017C9D-FF9F-41ED-99B9-B4EE66658681}.Release|Win32.ActiveCfg = Release|Win32
		{C0017C9D-FF9F-41ED-99B9-B4EE66658681}.Release|Win32.Build.0 = Release|Win32
		{C0017C9D-FF9F-41ED-99B9-B4EE66658681}.Release|x64.ActiveCfg = Release|x64
		{C0017C9D-FF9F-41ED-99B9-B4EE66658681}.Release|x64.Build.0 = Release|x64
		{223C08FF-BA32-4157-91F0-844C76361FFE}.Debug DX11|ARM.ActiveCfg = Debug|ARM
		{223C08FF-BA32-4157-91F0-844C76361FFE}.Debug DX11|ARM.Build.0 = Debug|ARM
		{223C08FF-BA32-4157-91F0-844C76361FFE}.Debug DX11|ARM.Deploy.0 = Debug|ARM
		{223C08FF-BA32-4157-91F0-844C76361FFE}.Debug DX11|Win32.ActiveCfg = Debug|Win32
		{223C08FF-BA32-4157-91F0-844C76361FFE}.Debug DX11|Win32.Build.0 = Debug|Win32
		{223C08FF-BA32-4157-91F0-844C76361FFE}.Debug DX11|Win32.Deploy.0 = Debug|Win32
		{223C08FF-BA32-4157-91F0-844C76361FFE}.Debug DX11|x64.ActiveCfg = Debug|x64
		{223C08FF-BA32-4157-91F0-844C76361FFE}.Debug DX11|x64.Build.0 = Debug|x64
		{223C08FF-BA32-4157-91F0-844C76361FFE}.Debug DX11|x64.Deploy.0 = Debug|x64
		{223C08FF-BA32-4157-91F0-844C76361FFE}.Debug DX9|ARM.ActiveCfg = Debug|ARM
		{223C08FF-BA32-4157-91F0-844C76361FFE}.Debug DX9|ARM.Build.0 = Debug|ARM
		{223C08FF-BA32-4157-91F0-844C76361FFE}.Debug DX9|ARM.Deploy.0 = Debug|ARM
		{223C08FF-BA32-4157-91F0-844C76361FFE}.Debug DX9|Win32.ActiveCfg = Debug|Win32
		{223C08FF-BA32-4157-91F0-844C76361FFE}.Debug DX9|Win32.Build.0 = Debug|Win32
		{223C08FF-BA32-4157-91F0-844C76361FFE}.Debug DX9|Win32.Deploy.0 = Debug|Win32
		{223C08FF-BA32-4157-91F0-844C76361FFE}.Debug DX9|x64.ActiveCfg = Debug|x64
		{223C08FF-BA32-4157-91F0-844C76361FFE}.Debug DX9|x64.Build.0 = Debug|x64
		{223C08FF-BA32-4157-91F0-844C76361FFE}.Debug DX9|x64.Deploy.0 = Debug|x64
		{223C08FF-BA32-4157-91F0-844C76361FFE}.Debug|ARM.ActiveCfg = Debug|ARM
		{223C08FF-BA32-4157-91F0-844C76361FFE}.Debug|ARM.Build.0 = Debug|ARM
		{223C08FF-BA32-4157-91F0-844C76361FFE}.Debug|ARM.Deploy.0 = Debug|ARM
		{223C08FF-BA32-4157-91F0-844C76361FFE}.Debug|Win32.ActiveCfg = Debug|Win32
		{223C08FF-BA32-4157-91F0-844C76361FFE}.Debug|Win32.Build.0 = Debug|Win32
		{223C08FF-BA32-4157-91F0-844C76361FFE}.Debug|Win32.Deploy.0 = Debug|Win32
		{223C08FF-BA32-4157-91F0-844C76361FFE}.Debug|x64.ActiveCfg = Debug|x64
		{223C08FF-BA32-4157-91F0-844C76361FFE}.Debug|x64.Build.0 = Debug|x64
		{223C08FF-BA32-4157-91F0-844C76361FFE}.Debug|x64.Deploy.0 = Debug|x64
		{223C08FF-BA32-4157-91F0-844C76361FFE}.Release|ARM.ActiveCfg = Release|ARM
		{223C08FF-BA32-4157-91F0-844C76361FFE}.Release|ARM.Build.0 = Release|ARM
		{223C08FF-BA32-4157-91F0-844C76361FFE}.Release|ARM.Deploy.0 = Release|ARM
		{223C08FF-BA32-4157-91F0-844C76361FFE}.Release|Win32.ActiveCfg = Release|Win32
		{223C08FF-BA32-4157-91F0-844C76361FFE}.Release|Win32.Build.0 = Release|Win32
		{223C08FF-BA32-4157-91F0-844C76361FFE}.Release|Win32.Deploy.0 = Release|Win32
		{223C08FF-BA32-4157-91F0-844C76361FFE}.Release|x64.ActiveCfg = Release|x64
		{223C08FF-BA32-4157-91F0-844C76361FFE}.Release|x64.Build.0 = Release|x64
		{223C08FF-BA32-4157-91F0-844C76361FFE}.Release|x64.Deploy.0 = Release|x64
		{9D47E2FC-F319-43D3-BA02-F1D9332B59BC}.Debug DX11|ARM.ActiveCfg = Debug|ARM
		{9D47E2FC-F319-43D3-BA02-F1D9332B59BC}.Debug DX11|ARM.Build.0 = Debug|ARM
		{9D47E2FC-F319-43D3-BA02-F1D9332B59BC}.Debug DX11|ARM.Deploy.0 = Debug|ARM
		{9D47E2FC-F319-43D3-BA02-F1D9332B59BC}.Debug DX11|Win32.ActiveCfg = Debug|Win32
		{9D47E2FC-F319-43D3-BA02-F1D9332B59BC}.Debug DX11|Win32.Build.0 = Debug|Win32
		{9D47E2FC-F319-43D3-BA02-F1D9332B59BC}.Debug DX11|Win32.Deploy.0 = Debug|Win32
		{9D47E2FC-F319-43D3-BA02-F1D9332B59BC}.Debug DX11|x64.ActiveCfg = Debug|x64
		{9D47E2FC-F319-43D3-BA02-F1D9332B59BC}.Debug DX11|x64.Build.0 = Debug|x64
		{9D47E2FC-F319-43D3-BA02-F1D9332B59BC}.Debug DX11|x64.Deploy.0 = Debug|x64
		{9D47E2FC-F319-43D3-BA02-F1D9332B59BC}.Debug DX9|ARM.ActiveCfg = Debug|ARM
		{9D47E2FC-F319-43D3-BA02-F1D9332B59BC}.Debug DX9|ARM.Build.0 = Debug|ARM
		{9D47E2FC-F319-43D3-BA02-F1D9332B59BC}.Debug DX9|ARM.Deploy.0 = Debug|ARM
		{9D47E2FC-F319-43D3-BA02-F1D9332B59BC}.Debug DX9|Win32.ActiveCfg = Debug|Win32
		{9D47E2FC-F319-43D3-BA02-F1D9332B59BC}.Debug DX9|Win32.Build.0 = Debug|Win32
		{9D47E2FC-F319-43D3-BA02-F1D9332B59BC}.Debug DX9|Win32.Deploy.0 = Debug|Win32
		{9D47E2FC-F319-43D3-BA02-F1D9332B59BC}.Debug DX9|x64.ActiveCfg = Debug|x64
		{9D47E2FC-F319-43D3-BA02-F1D9332B59BC}.Debug DX9|x64.Build.0 = Debug|x64
		{9D47E2FC-F319-43D3-BA02-F1D9332B59BC}.Debug DX9|x64.Deploy.0 = Debug|x64
		{9D47E2FC-F319-43D3-BA02-F1D9332B59BC}.Debug|ARM.ActiveCfg = Debug|ARM
		{9D47E2FC-F319-43D3-BA02-F1D9332B59BC}.Debug|ARM.Build.0 = Debug|ARM
		{9D47E2FC-F319-43D3-BA02-F1D9332B59BC}.Debug|ARM.Deploy.0 = Debug|ARM
		{9D47E2FC-F319-43D3-BA02-F1D9332B59BC}.Debug|Win32.ActiveCfg = Debug|Win32
		{9D47E2FC-F319-43D3-BA02-F1D9332B59BC}.Debug|Win32.Build.0 = Debug|Win32
		{9D47E2FC-F319-43D3-BA02-F1D9332B59BC}.Debug|Win32.Deploy.0 = Debug|Win32
		{9D47E2FC-F319-43D3-BA02-F1D9332B59BC}.Debug|x64.ActiveCfg = Debug|x64
		{9D47E2FC-F319-43D3-BA02-F1D9332B59BC}.Debug|x64.Build.0 = Debug|x64
		{9D47E2FC-F319-43D3-BA02-F1D9332B59BC}.Debug|x64.Deploy.0 = Debug|x64
		{9D47E2FC-F319-43D3-BA02-F1D9332B59BC}.Release|ARM.ActiveCfg = Release|ARM
		{9D47E2FC-F319-43D3-BA02-F1D9332B59BC}.Release|ARM.Build.0 = Release|ARM
		{9D47E2FC-F319-43D3-BA02-F1D9332B59BC}.Release|ARM.Deploy.0 = Release|ARM
		{9D47E2FC-F319-43D3-BA02-F1D9332B59BC}.Release|Win32.ActiveCfg = Release|Win32
		{9D47E2FC-F319-43D3-BA02-F1D9332B59BC}.Release|Win32.Build.0 = Release|Win32
		{9D47E2FC-F319-43D3-BA02-F1D9332B59BC}.Release|Win32.Deploy.0 = Release|Win32
		{9D47E2FC-F319-43D3-BA02-F1D9332B59BC}.Release|x64.ActiveCfg = Release|x64
		{9D47E2FC-F319-43D3-BA02-F1D9332B59BC}.Release|x64.Build.0 = Release|x64
		{9D47E2FC-F319-43D3-BA02-F1D9332B59BC}.Release|x64.Deploy.0 = Release|x64
		{06F8345D-866B-4857-979B-28824AFFFF84}.Debug DX11|ARM.ActiveCfg = Debug|ARM
		{06F8345D-866B-4857-979B-28824AFFFF84}.Debug DX11|ARM.Build.0 = Debug|ARM
		{06F8345D-866B-4857-979B-28824AFFFF84}.Debug DX11|ARM.Deploy.0 = Debug|ARM
		{06F8345D-866B-4857-979B-28824AFFFF84}.Debug DX11|Win32.ActiveCfg = Debug|Win32
		{06F8345D-866B-4857-979B-28824AFFFF84}.Debug DX11|Win32.Build.0 = Debug|Win32
		{06F8345D-866B-4857-979B-28824AFFFF84}.Debug DX11|Win32.Deploy.0 = Debug|Win32
		{06F8345D-866B-4857-979B-28824AFFFF84}.Debug DX11|x64.ActiveCfg = Debug|x64
		{06F8345D-866B-4857-979B-28824AFFFF84}.Debug DX11|x64.Build.0 = Debug|x64
		{06F8345D-866B-4857-979B-28824AFFFF84}.Debug DX11|x64.Deploy.0 = Debug|x64
		{06F8345D-866B-4857-979B-28824AFFFF84}.Debug DX9|ARM.ActiveCfg = Debug|ARM
		{06F8345D-866B-4857-979B-28824AFFFF84}.Debug DX9|ARM.Build.0 = Debug|ARM
		{06F8345D-866B-4857-979B-28824AFFFF84}.Debug DX9|ARM.Deploy.0 = Debug|ARM
		{06F8345D-866B-4857-979B-28824AFFFF84}.Debug DX9|Win32.ActiveCfg = Debug|Win32
		{06F8345D-866B-4857-979B-28824AFFFF84}.Debug DX9|Win32.Build.0 = Debug|Win32
		{06F8345D-866B-4857-979B-28824AFFFF84}.Debug DX9|Win32.Deploy.0 = Debug|Win32
		{06F8345D-866B-4857-979B-28824AFFFF84}.Debug DX9|x64.ActiveCfg = Debug|x64
		{06F8345D-866B-4857-979B-28824AFFFF84}.Debug DX9|x64.Build.0 = Debug|x64
		{06F8345D-866B-4857-979B-28824AFFFF84}.Debug DX9|x64.Deploy.0 = Debug|x64
		{06F8345D-866B-4857-979B-28824AFFFF84}.Debug|ARM.ActiveCfg = Debug|ARM
		{06F8345D-866B-4857-979B-28824AFFFF84}.Debug|ARM.Build.0 = Debug|ARM
		{06F8345D-866B-4857-979B-28824AFFFF84}.Debug|ARM.Deploy.0 = Debug|ARM
		{06F8345D-866B-4857-979B-28824AFFFF84}.Debug|Win32.ActiveCfg = Debug|Win32
		{06F8345D-866B-4857-979B-28824AFFFF84}.Debug|Win32.Build.0 = Debug|Win32
		{06F8345D-866B-4857-979B-28824AFFFF84}.Debug|Win32.Deploy.0 = Debug|Win32
		{06F8345D-866B-4857-979B-28824AFFFF84}.Debug|x64.ActiveCfg = Debug|x64
		{06F8345D-866B-4857-979B-28824AFFFF84}.Debug|x64.Build.0 = Debug|x64
		{06F8345D-866B-4857-979B-28824AFFFF84}.Debug|x64.Deploy.0 = Debug|x64
		{06F8345D-866B-4857-979B-28824AFFFF84}.Release|ARM.ActiveCfg = Release|ARM
		{06F8345D-866B-4857-979B-28824AFFFF84}.Release|ARM.Build.0 = Release|ARM
		{06F8345D-866B-4857-979B-28824AFFFF84}.Release|ARM.Deploy.0 = Release|ARM
		{06F8345D-866B-4857-979B-28824AFFFF84}.Release|Win32.ActiveCfg = Release|Win32
		{06F8345D-866B-4857-979B-28824AFFFF84}.Release|Win32.Build.0 = Release|Win32
		{06F8345D-866B-4857-979B-28824AFFFF84}.Release|Win32.Deploy.0 = Release|Win32
		{06F8345D-866B-4857-979B-28824AFFFF84}.Release|x64.ActiveCfg = Release|x64
		{06F8345D-866B-4857-979B-28824AFFFF84}.Release|x64.Build.0 = Release|x64
		{06F8345D-866B-4857-979B-28824AFFFF84}.Release|x64.Deploy.0 = Release|x64
		{76F09B58-0F96-4277-A374-1090627D98EE}.Debug DX11|ARM.ActiveCfg = Debug|ARM
		{76F09B58-0F96-4277-A374-1090627D98EE}.Debug DX11|ARM.Build.0 = Debug|ARM
		{76F09B58-0F96-4277-A374-1090627D98EE}.Debug DX11|ARM.Deploy.0 = Debug|ARM
		{76F09B58-0F96-4277-A374-1090627D98EE}.Debug DX11|Win32.ActiveCfg = Debug|Win32
		{76F09B58-0F96-4277-A374-1090627D98EE}.Debug DX11|Win32.Build.0 = Debug|Win32
		{76F09B58-0F96-4277-A374-1090627D98EE}.Debug DX11|Win32.Deploy.0 = Debug|Win32
		{76F09B58-0F96-4277-A374-1090627D98EE}.Debug DX11|x64.ActiveCfg = Debug|x64
		{76F09B58-0F96-4277-A374-1090627D98EE}.Debug DX11|x64.Build.0 = Debug|x64
		{76F09B58-0F96-4277-A374-1090627D98EE}.Debug DX11|x64.Deploy.0 = Debug|x64
		{76F09B58-0F96-4277-A374-1090627D98EE}.Debug DX9|ARM.ActiveCfg = Debug|ARM
		{76F09B58-0F96-4277-A374-1090627D98EE}.Debug DX9|ARM.Build.0 = Debug|ARM
		{76F09B58-0F96-4277-A374-1090627D98EE}.Debug DX9|ARM.Deploy.0 = Debug|ARM
		{76F09B58-0F96-4277-A374-1090627D98EE}.Debug DX9|Win32.ActiveCfg = Debug|Win32
		{76F09B58-0F96-4277-A374-1090627D98EE}.Debug DX9|Win32.Build.0 = Debug|Win32
		{76F09B58-0F96-4277-A374-1090627D98EE}.Debug DX9|Win32.Deploy.0 = Debug|Win32
		{76F09B58-0F96-4277-A374-1090627D98EE}.Debug DX9|x64.ActiveCfg = Debug|x64
		{76F09B58-0F96-4277-A374-1090627D98EE}.Debug DX9|x64.Build.0 = Debug|x64
		{76F09B58-0F96-4277-A374-1090627D98EE}.Debug DX9|x64.Deploy.0 = Debug|x64
		{76F09B58-0F96-4277-A374-1090627D98EE}.Debug|ARM.ActiveCfg = Debug|ARM
		{76F09B58-0F96-4277-A374-1090627D98EE}.Debug|ARM.Build.0 = Debug|ARM
		{76F09B58-0F96-4277-A374-1090627D98EE}.Debug|ARM.Deploy.0 = Debug|ARM
		{76F09B58-0F96-4277-A374-1090627D98EE}.Debug|Win32.ActiveCfg = Debug|Win32
		{76F09B58-0F96-4277-A374-1090627D98EE}.Debug|Win32.Build.0 = Debug|Win32
		{76F09B58-0F96-4277-A374-1090627D98EE}.Debug|Win32.Deploy.0 = Debug|Win32
		{76F09B58-0F96-4277-A374-1090627D98EE}.Debug|x64.ActiveCfg = Debug|x64
		{76F09B58-0F96-4277-A374-1090627D98EE}.Debug|x64.Build.0 = Debug|x64
		{76F09B58-0F96-4277-A374-1090627D98EE}.Debug|x64.Deploy.0 = Debug|x64
		{76F09B58-0F96-4277-A374-1090627D98EE}.Release|ARM.ActiveCfg = Release|ARM
		{76F09B58-0F96-4277-A374-1090627D98EE}.Release|ARM.Build.0 = Release|ARM
		{76F09B58-0F96-4277-A374-1090627D98EE}.Release|ARM.Deploy.0 = Release|ARM
		{76F09B58-0F96-4277-A374-1090627D98EE}.Release|Win32.ActiveCfg = Release|Win32
		{76F09B58-0F96-4277-A374-1090627D98EE}.Release|Win32.Build.0 = Release|Win32
		{76F09B58-0F96-4277-A374-1090627D98EE}.Release|Win32.Deploy.0 = Release|Win32
		{76F09B58-0F96-4277-A374-1090627D98EE}.Release|x64.ActiveCfg = Release|x64
		{76F09B58-0F96-4277-A374-1090627D98EE}.Release|x64.Build.0 = Release|x64
		{76F09B58-0F96-4277-A374-1090627D98EE}.Release|x64.Deploy.0 = Release|x64
		{D702DA96-C5CA-4545-836C-C71EBE0A3C5E}.Debug DX11|ARM.ActiveCfg = Debug|ARM
		{D702DA96-C5CA-4545-836C-C71EBE0A3C5E}.Debug DX11|ARM.Build.0 = Debug|ARM
		{D702DA96-C5CA-4545-836C-C71EBE0A3C5E}.Debug DX11|ARM.Deploy.0 = Debug|ARM
		{D702DA96-C5CA-4545-836C-C71EBE0A3C5E}.Debug DX11|Win32.ActiveCfg = Debug|Win32
		{D702DA96-C5CA-4545-836C-C71EBE0A3C5E}.Debug DX11|Win32.Build.0 = Debug|Win32
		{D702DA96-C5CA-4545-836C-C71EBE0A3C5E}.Debug DX11|Win32.Deploy.0 = Debug|Win32
		{D702DA96-C5CA-4545-836C-C71EBE0A3C5E}.Debug DX11|x64.ActiveCfg = Debug|x64
		{D702DA96-C5CA-4545-836C-C71EBE0A3C5E}.Debug DX11|x64.Build.0 = Debug|x64
		{D702DA96-C5CA-4545-836C-C71EBE0A3C5E}.Debug DX11|x64.Deploy.0 = Debug|x64
		{D702DA96-C5CA-4545-836C-C71EBE0A3C5E}.Debug DX9|ARM.ActiveCfg = Debug|ARM
		{D702DA96-C5CA-4545-836C-C71EBE0A3C5E}.Debug DX9|ARM.Build.0 = Debug|ARM
		{D702DA96-C5CA-4545-836C-C71EBE0A3C5E}.Debug DX9|ARM.Deploy.0 = Debug|ARM
		{D702DA96-C5CA-4545-836C-C71EBE0A3C5E}.Debug DX9|Win32.ActiveCfg = Debug|Win32
		{D702DA96-C5CA-4545-836C-C71EBE0A3C5E}.Debug DX9|Win32.Build.0 = Debug|Win32
		{D702DA96-C5CA-4545-836C-C71EBE0A3C5E}.Debug DX9|Win32.Deploy.0 = Debug|Win32
		{D702DA96-C5CA-4545-836C-C71EBE0A3C5E}.Debug DX9|x64.ActiveCfg = Debug|x64
		{D702DA96-C5CA-4545-836C-C71EBE0A3C5E}.Debug DX9|x64.Build.0 = Debug|x64
		{D702DA96-C5CA-4545-836C-C71EBE0A3C5E}.Debug DX9|x64.Deploy.0 = Debug|x64
		{D702DA96-C5CA-4545-836C-C71EBE0A3C5E}.Debug|ARM.ActiveCfg = Debug|ARM
		{D702DA96-C5CA-4545-836C-C71EBE0A3C5E}.Debug|ARM.Build.0 = Debug|ARM
		{D702DA96-C5CA-4545-836C-C71EBE0A3C5E}.Debug|ARM.Deploy.0 = Debug|ARM
		{D702DA96-C5CA-4545-836C-C71EBE0A3C5E}.Debug|Win32.ActiveCfg = Debug|Win32
		{D702DA96-C5CA-4545-836C-C71EBE0A3C5E}.Debug|Win32.Build.0 = Debug|Win32
		{D702DA96-C5CA-4545-836C-C71EBE0A3C5E}.Debug|Win32.Deploy.0 = Debug|Win32
		{D702DA96-C5CA-4545-836C-C71EBE0A3C5E}.Debug|x64.ActiveCfg = Debug|x64
		{D702DA96-C5CA-4545-836C-C71EBE0A3C5E}.Debug|x64.Build.0 = Debug|x64
		{D702DA96-C5CA-4545-836C-C71EBE0A3C5E}.Debug|x64.Deploy.0 = Debug|x64
		{D702DA96-C5CA-4545-836C-C71EBE0A3C5E}.Release|ARM.ActiveCfg = Release|ARM
		{D702DA96-C5CA-4545-836C-C71EBE0A3C5E}.Release|ARM.Build.0 = Release|ARM
		{D702DA96-C5CA-4545-836C-C71EBE0A3C5E}.Release|ARM.Deploy.0 = Release|ARM
		{D702DA96-C5CA-4545-836C-C71EBE0A3C5E}.Release|Win32.ActiveCfg = Release|Win32
		{D702DA96-C5CA-4545-836C-C71EBE0A3C5E}.Release|Win32.Build.0 = Release|Win32
		{D702DA96-C5CA-4545-836C-C71EBE0A3C5E}.Release|Win32.Deploy.0 = Release|Win32
		{D702DA96-C5CA-4545-836C-C71EBE0A3C5E}.Release|x64.ActiveCfg = Release|x64
		{D702DA96-C5CA-4545-836C-C71EBE0A3C5E}.Release|x64.Build.0 = Release|x64
		{D702DA96-C5CA-4545-836C-C71EBE0A3C5E}.Release|x64.Deploy.0 = Release|x64
		{E0B52AE7-E160-4D32-BF3F-910B785E5A8E}.Debug DX11|ARM.ActiveCfg = Debug|ARM
		{E0B52AE7-E160-4D32-BF3F-910B785E5A8E}.Debug DX11|ARM.Build.0 = Debug|ARM
		{E0B52AE7-E160-4D32-BF3F-910B785E5A8E}.Debug DX11|Win32.ActiveCfg = Debug|Win32
		{E0B52AE7-E160-4D32-BF3F-910B785E5A8E}.Debug DX11|Win32.Build.0 = Debug|Win32
		{E0B52AE7-E160-4D32-BF3F-910B785E5A8E}.Debug DX11|x64.ActiveCfg = Debug|x64
		{E0B52AE7-E160-4D32-BF3F-910B785E5A8E}.Debug DX11|x64.Build.0 = Debug|x64
		{E0B52AE7-E160-4D32-BF3F-910B785E5A8E}.Debug DX9|ARM.ActiveCfg = Debug|ARM
		{E0B52AE7-E160-4D32-BF3F-910B785E5A8E}.Debug DX9|ARM.Build.0 = Debug|ARM
		{E0B52AE7-E160-4D32-BF3F-910B785E5A8E}.Debug DX9|Win32.ActiveCfg = Debug|Win32
		{E0B52AE7-E160-4D32-BF3F-910B785E5A8E}.Debug DX9|Win32.Build.0 = Debug|Win32
		{E0B52AE7-E160-4D32-BF3F-910B785E5A8E}.Debug DX9|x64.ActiveCfg = Debug|x64
		{E0B52AE7-E160-4D32-BF3F-910B785E5A8E}.Debug DX9|x64.Build.0 = Debug|x64
		{E0B52AE7-E160-4D32-BF3F-910B785E5A8E}.Debug|ARM.ActiveCfg = Debug|ARM
		{E0B52AE7-E160-4D32-BF3F-910B785E5A8E}.Debug|ARM.Build.0 = Debug|ARM
		{E0B52AE7-E160-4D32-BF3F-910B785E5A8E}.Debug|Win32.ActiveCfg = Debug|Win32
		{E0B52AE7-E160-4D32-BF3F-910B785E5A8E}.Debug|Win32.Build.0 = Debug|Win32
		{E0B52AE7-E160-4D32-BF3F-910B785E5A8E}.Debug|x64.ActiveCfg = Debug|x64
		{E0B52AE7-E160-4D32-BF3F-910B785E5A8E}.Debug|x64.Build.0 = Debug|x64
		{E0B52AE7-E160-4D32-BF3F-910B785E5A8E}.Release|ARM.ActiveCfg = Release|ARM
		{E0B52AE7-E160-4D32-BF3F-910B785E5A8E}.Release|ARM.Build.0 = Release|ARM
		{E0B52AE7-E160-4D32-BF3F-910B785E5A8E}.Release|Win32.ActiveCfg = Release|Win32
		{E0B52AE7-E160-4D32-BF3F-910B785E5A8E}.Release|Win32.Build.0 = Release|Win32
		{E0B52AE7-E160-4D32-BF3F-910B785E5A8E}.Release|x64.ActiveCfg = Release|x64
		{E0B52AE7-E160-4D32-BF3F-910B785E5A8E}.Release|x64.Build.0 = Release|x64
	EndGlobalSection
	GlobalSection(SolutionProperties) = preSolution
		HideSolutionNode = FALSE
	EndGlobalSection
EndGlobal
