<?xml version="1.0" encoding="utf-8"?>
<Project ToolsVersion="4.0" xmlns="http://schemas.microsoft.com/developer/msbuild/2003">
  <ItemGroup>
    <Filter Include="Source Files">
      <UniqueIdentifier>{4FC737F1-C7A5-4376-A066-2A32D752A2FF}</UniqueIdentifier>
      <Extensions>cpp;c;cc;cxx;def;odl;idl;hpj;bat;asm;asmx</Extensions>
    </Filter>
  </ItemGroup>
  <ItemGroup>
    <ClCompile Include="..\tinypy\bc.c">
      <Filter>Source Files</Filter>
    </ClCompile>
    <ClCompile Include="..\tinypy\builtins.c">
      <Filter>Source Files</Filter>
    </ClCompile>
    <ClCompile Include="..\tinypy\dict.c">
      <Filter>Source Files</Filter>
    </ClCompile>
    <ClCompile Include="..\tinypy\gc.c">
      <Filter>Source Files</Filter>
    </ClCompile>
    <ClCompile Include="..\tinypy\list.c">
      <Filter>Source Files</Filter>
    </ClCompile>
    <ClCompile Include="..\tinypy\misc.c">
      <Filter>Source Files</Filter>
    </ClCompile>
    <ClCompile Include="..\tinypy\ops.c">
      <Filter>Source Files</Filter>
    </ClCompile>
    <ClCompile Include="..\tinypy\string.c">
      <Filter>Source Files</Filter>
    </ClCompile>
    <ClCompile Include="..\tinypy\tp.c">
      <Filter>Source Files</Filter>
    </ClCompile>
    <ClCompile Include="..\tinypy\tpmain.c">
      <Filter>Source Files</Filter>
    </ClCompile>
    <ClCompile Include="..\tinypy\vm.c">
      <Filter>Source Files</Filter>
    </ClCompile>
  </ItemGroup>
  <ItemGroup>
    <ClInclude Include="..\tinypy\tp.h">
      <Filter>Source Files</Filter>
    </ClInclude>
  </ItemGroup>
</Project>